
Microsoft Visual Studio Solution File, Format Version 12.00
# Visual Studio Version 17
VisualStudioVersion = 17.3.32929.385
MinimumVisualStudioVersion = 10.0.40219.1
Project("{FAE04EC0-301F-11D3-BF4B-00C04F79EFBC}") = "dneta3", "dneta3\dneta3.csproj", "{5FE499CB-3124-4741-B629-DC15C0E4263D}"
EndProject
Global
	GlobalSection(SolutionConfigurationPlatforms) = preSolution
		Debug|Any CPU = Debug|Any CPU
		Release|Any CPU = Release|Any CPU
	EndGlobalSection
	GlobalSection(ProjectConfigurationPlatforms) = postSolution
		{5FE499CB-3124-4741-B629-DC15C0E4263D}.Debug|Any CPU.ActiveCfg = Debug|Any CPU
		{5FE499CB-3124-4741-B629-DC15C0E4263D}.Debug|Any CPU.Build.0 = Debug|Any CPU
		{5FE499CB-3124-4741-B629-DC15C0E4263D}.Release|Any CPU.ActiveCfg = Release|Any CPU
		{5FE499CB-3124-4741-B629-DC15C0E4263D}.Release|Any CPU.Build.0 = Release|Any CPU
	EndGlobalSection
	GlobalSection(SolutionProperties) = preSolution
		HideSolutionNode = FALSE
	EndGlobalSection
	GlobalSection(ExtensibilityGlobals) = postSolution
		SolutionGuid = {A6043F9D-51D6-4F15-82BF-749936662483}
	EndGlobalSection
EndGlobal
